
Microsoft Visual Studio Solution File, Format Version 12.00
# Visual Studio Version 17
VisualStudioVersion = 17.5.33516.290
MinimumVisualStudioVersion = 10.0.40219.1
Project("{FAE04EC0-301F-11D3-BF4B-00C04F79EFBC}") = "Ex1-HelloVisualStudio", "Ex1-HelloVisualStudio.csproj", "{5041BCF8-91AE-463E-ADB9-77A80794B567}"
EndProject
Global
	GlobalSection(SolutionConfigurationPlatforms) = preSolution
		Debug|Any CPU = Debug|Any CPU
		Release|Any CPU = Release|Any CPU
	EndGlobalSection
	GlobalSection(ProjectConfigurationPlatforms) = postSolution
		{5041BCF8-91AE-463E-ADB9-77A80794B567}.Debug|Any CPU.ActiveCfg = Debug|Any CPU
		{5041BCF8-91AE-463E-ADB9-77A80794B567}.Debug|Any CPU.Build.0 = Debug|Any CPU
		{5041BCF8-91AE-463E-ADB9-77A80794B567}.Release|Any CPU.ActiveCfg = Release|Any CPU
		{5041BCF8-91AE-463E-ADB9-77A80794B567}.Release|Any CPU.Build.0 = Release|Any CPU
	EndGlobalSection
	GlobalSection(SolutionProperties) = preSolution
		HideSolutionNode = FALSE
	EndGlobalSection
	GlobalSection(ExtensibilityGlobals) = postSolution
		SolutionGuid = {9A56DEFA-1F59-4722-BA04-9FCDE0CF15B4}
	EndGlobalSection
EndGlobal
